
Microsoft Visual Studio Solution File, Format Version 12.00
# Visual Studio Version 17
VisualStudioVersion = 17.8.34322.80
MinimumVisualStudioVersion = 10.0.40219.1
Project("{8BC9CEB8-8B4A-11D0-8D11-00A0C91BC942}") = "Pandora", "Pandora\Pandora.vcxproj", "{58A9C9BC-C4FA-4372-8FCD-0EC9A6547396}"
EndProject
Project("{8BC9CEB8-8B4A-11D0-8D11-00A0C91BC942}") = "Sandbox", "Sandbox\Sandbox.vcxproj", "{EC8D7E07-9249-49EC-9159-E27F000E15B3}"
	ProjectSection(ProjectDependencies) = postProject
		{58A9C9BC-C4FA-4372-8FCD-0EC9A6547396} = {58A9C9BC-C4FA-4372-8FCD-0EC9A6547396}
	EndProjectSection
EndProject
Global
	GlobalSection(SolutionConfigurationPlatforms) = preSolution
		Debug|x64 = Debug|x64
		Release|x64 = Release|x64
	EndGlobalSection
	GlobalSection(ProjectConfigurationPlatforms) = postSolution
		{58A9C9BC-C4FA-4372-8FCD-0EC9A6547396}.Debug|x64.ActiveCfg = Debug|x64
		{58A9C9BC-C4FA-4372-8FCD-0EC9A6547396}.Debug|x64.Build.0 = Debug|x64
		{58A9C9BC-C4FA-4372-8FCD-0EC9A6547396}.Release|x64.ActiveCfg = Release|x64
		{58A9C9BC-C4FA-4372-8FCD-0EC9A6547396}.Release|x64.Build.0 = Release|x64
		{EC8D7E07-9249-49EC-9159-E27F000E15B3}.Debug|x64.ActiveCfg = Debug|x64
		{EC8D7E07-9249-49EC-9159-E27F000E15B3}.Debug|x64.Build.0 = Debug|x64
		{EC8D7E07-9249-49EC-9159-E27F000E15B3}.Release|x64.ActiveCfg = Release|x64
		{EC8D7E07-9249-49EC-9159-E27F000E15B3}.Release|x64.Build.0 = Release|x64
	EndGlobalSection
	GlobalSection(SolutionProperties) = preSolution
		HideSolutionNode = FALSE
	EndGlobalSection
	GlobalSection(ExtensibilityGlobals) = postSolution
		SolutionGuid = {684C2FA4-9B18-452D-8ADF-6017087A6141}
	EndGlobalSection
EndGlobal
