<?xml version="1.0" encoding="utf-8"?>
<Project ToolsVersion="4.0" xmlns="http://schemas.microsoft.com/developer/msbuild/2003">
  <ItemGroup>
    <Filter Include="Pandora">
      <UniqueIdentifier>{4A4336FC-B622-B597-BF3A-406E2B991BF9}</UniqueIdentifier>
    </Filter>
    <Filter Include="Pandora\Events">
      <UniqueIdentifier>{EE17AAB4-DAE5-9DBA-C379-0EE1AFE6791F}</UniqueIdentifier>
    </Filter>
    <Filter Include="Pandora\Logger">
      <UniqueIdentifier>{D98180C4-C54F-74CA-AEE3-E4F09A50502F}</UniqueIdentifier>
    </Filter>
  </ItemGroup>
  <ItemGroup>
    <ClInclude Include="src\Pandora.h" />
    <ClInclude Include="src\Pandora\Application.h">
      <Filter>Pandora</Filter>
    </ClInclude>
    <ClInclude Include="src\Pandora\Core.h">
      <Filter>Pandora</Filter>
    </ClInclude>
    <ClInclude Include="src\Pandora\EntryPoint.h">
      <Filter>Pandora</Filter>
    </ClInclude>
    <ClInclude Include="src\Pandora\Events\ApplicationEvent.h">
      <Filter>Pandora\Events</Filter>
    </ClInclude>
    <ClInclude Include="src\Pandora\Events\Event.h">
      <Filter>Pandora\Events</Filter>
    </ClInclude>
    <ClInclude Include="src\Pandora\Events\KeyEvent.h">
      <Filter>Pandora\Events</Filter>
    </ClInclude>
    <ClInclude Include="src\Pandora\Events\MouseEvent.h">
      <Filter>Pandora\Events</Filter>
    </ClInclude>
    <ClInclude Include="src\Pandora\Log.h">
      <Filter>Pandora</Filter>
    </ClInclude>
    <ClInclude Include="src\Pandora\Logger\Logger.h">
      <Filter>Pandora\Logger</Filter>
    </ClInclude>
  </ItemGroup>
  <ItemGroup>
    <ClCompile Include="src\Pandora\Application.cpp">
      <Filter>Pandora</Filter>
    </ClCompile>
    <ClCompile Include="src\Pandora\Log.cpp">
      <Filter>Pandora</Filter>
    </ClCompile>
  </ItemGroup>
</Project>